
Microsoft Visual Studio Solution File, Format Version 12.00
# Visual Studio Version 16
VisualStudioVersion = 16.0.29409.12
MinimumVisualStudioVersion = 10.0.40219.1
Project("{888888A0-9F3D-457C-B088-3A5042F75D52}") = "角色初始化", "角色初始化.pyproj", "{66DB2E68-B822-46C1-9B65-03545948DEF7}"
EndProject
Global
	GlobalSection(SolutionConfigurationPlatforms) = preSolution
		Debug|Any CPU = Debug|Any CPU
		Release|Any CPU = Release|Any CPU
	EndGlobalSection
	GlobalSection(ProjectConfigurationPlatforms) = postSolution
		{66DB2E68-B822-46C1-9B65-03545948DEF7}.Debug|Any CPU.ActiveCfg = Debug|Any CPU
		{66DB2E68-B822-46C1-9B65-03545948DEF7}.Release|Any CPU.ActiveCfg = Release|Any CPU
	EndGlobalSection
	GlobalSection(SolutionProperties) = preSolution
		HideSolutionNode = FALSE
	EndGlobalSection
	GlobalSection(ExtensibilityGlobals) = postSolution
		SolutionGuid = {96E4D12B-70E8-4179-BFBA-C704BBDACDFC}
	EndGlobalSection
EndGlobal
